
Microsoft Visual Studio Solution File, Format Version 12.00
# Visual Studio 15
Project("{FAE04EC0-301F-11D3-BF4B-00C04F79EFBC}") = "allinibp", "allinibp.csproj", "{869A60AA-A8B7-4DD4-A5F1-C4A94E69CAC1}"
EndProject
Global
	GlobalSection(SolutionConfigurationPlatforms) = preSolution
		Debug|Any CPU = Debug|Any CPU
		Release|Any CPU = Release|Any CPU
	EndGlobalSection
	GlobalSection(ProjectConfigurationPlatforms) = postSolution
		{869A60AA-A8B7-4DD4-A5F1-C4A94E69CAC1}.Debug|Any CPU.ActiveCfg = Debug|Any CPU
		{869A60AA-A8B7-4DD4-A5F1-C4A94E69CAC1}.Debug|Any CPU.Build.0 = Debug|Any CPU
		{869A60AA-A8B7-4DD4-A5F1-C4A94E69CAC1}.Release|Any CPU.ActiveCfg = Release|Any CPU
		{869A60AA-A8B7-4DD4-A5F1-C4A94E69CAC1}.Release|Any CPU.Build.0 = Release|Any CPU
	EndGlobalSection
EndGlobal
